
Microsoft Visual Studio Solution File, Format Version 12.00
# Visual Studio Version 17
VisualStudioVersion = 17.4.33122.133
MinimumVisualStudioVersion = 10.0.40219.1
Project("{FAE04EC0-301F-11D3-BF4B-00C04F79EFBC}") = "MonthlyStatement", "MonthlyStatement\MonthlyStatement.csproj", "{A9031A9B-3C87-41B7-A563-22B5604C2B17}"
EndProject
Project("{FAE04EC0-301F-11D3-BF4B-00C04F79EFBC}") = "MonthlyStatement.Tests", "MonthlyStatement.Tests\MonthlyStatement.Tests.csproj", "{695E462D-B8F7-439D-9620-F628149EE2CB}"
EndProject
Global
	GlobalSection(SolutionConfigurationPlatforms) = preSolution
		Debug|Any CPU = Debug|Any CPU
		Release|Any CPU = Release|Any CPU
	EndGlobalSection
	GlobalSection(ProjectConfigurationPlatforms) = postSolution
		{A9031A9B-3C87-41B7-A563-22B5604C2B17}.Debug|Any CPU.ActiveCfg = Debug|Any CPU
		{A9031A9B-3C87-41B7-A563-22B5604C2B17}.Debug|Any CPU.Build.0 = Debug|Any CPU
		{A9031A9B-3C87-41B7-A563-22B5604C2B17}.Release|Any CPU.ActiveCfg = Release|Any CPU
		{A9031A9B-3C87-41B7-A563-22B5604C2B17}.Release|Any CPU.Build.0 = Release|Any CPU
		{695E462D-B8F7-439D-9620-F628149EE2CB}.Debug|Any CPU.ActiveCfg = Debug|Any CPU
		{695E462D-B8F7-439D-9620-F628149EE2CB}.Debug|Any CPU.Build.0 = Debug|Any CPU
		{695E462D-B8F7-439D-9620-F628149EE2CB}.Release|Any CPU.ActiveCfg = Release|Any CPU
		{695E462D-B8F7-439D-9620-F628149EE2CB}.Release|Any CPU.Build.0 = Release|Any CPU
	EndGlobalSection
	GlobalSection(SolutionProperties) = preSolution
		HideSolutionNode = FALSE
	EndGlobalSection
	GlobalSection(ExtensibilityGlobals) = postSolution
		SolutionGuid = {86E50219-F305-4D97-8DDC-EB99CD3810AF}
	EndGlobalSection
EndGlobal
